
Microsoft Visual Studio Solution File, Format Version 12.00
# Visual Studio Version 17
VisualStudioVersion = 17.2.32526.322
MinimumVisualStudioVersion = 10.0.40219.1
Project("{9A19103F-16F7-4668-BE54-9A1E7A4F7556}") = "Shopping.Core", "Shopping.Core\Shopping.Core.csproj", "{69862FBE-72C1-4BFC-A3B7-EF358164995C}"
EndProject
Project("{9A19103F-16F7-4668-BE54-9A1E7A4F7556}") = "Shopping.Shared", "Shopping.Shared\Shopping.Shared.csproj", "{13DC9B2F-1F66-4A09-B87C-5B8028A3A9FB}"
EndProject
Project("{9A19103F-16F7-4668-BE54-9A1E7A4F7556}") = "Shopping.Infrastructure", "Shopping.Infrastructure\Shopping.Infrastructure.csproj", "{26FCA7B8-C03A-4594-84F4-7372C906E165}"
EndProject
Project("{9A19103F-16F7-4668-BE54-9A1E7A4F7556}") = "Shopping.Web.Portal", "Shopping.Web.Portal\Shopping.Web.Portal.csproj", "{FD7454D0-E133-4D67-B980-725ED69B579A}"
EndProject
Project("{9A19103F-16F7-4668-BE54-9A1E7A4F7556}") = "Shopping.Api", "Shopping.Api\Shopping.Api.csproj", "{217B8D61-BF8C-4B8B-B4B5-991544F1F48D}"
EndProject
Global
	GlobalSection(SolutionConfigurationPlatforms) = preSolution
		Debug|Any CPU = Debug|Any CPU
		Release|Any CPU = Release|Any CPU
	EndGlobalSection
	GlobalSection(ProjectConfigurationPlatforms) = postSolution
		{69862FBE-72C1-4BFC-A3B7-EF358164995C}.Debug|Any CPU.ActiveCfg = Debug|Any CPU
		{69862FBE-72C1-4BFC-A3B7-EF358164995C}.Debug|Any CPU.Build.0 = Debug|Any CPU
		{69862FBE-72C1-4BFC-A3B7-EF358164995C}.Release|Any CPU.ActiveCfg = Release|Any CPU
		{69862FBE-72C1-4BFC-A3B7-EF358164995C}.Release|Any CPU.Build.0 = Release|Any CPU
		{13DC9B2F-1F66-4A09-B87C-5B8028A3A9FB}.Debug|Any CPU.ActiveCfg = Debug|Any CPU
		{13DC9B2F-1F66-4A09-B87C-5B8028A3A9FB}.Debug|Any CPU.Build.0 = Debug|Any CPU
		{13DC9B2F-1F66-4A09-B87C-5B8028A3A9FB}.Release|Any CPU.ActiveCfg = Release|Any CPU
		{13DC9B2F-1F66-4A09-B87C-5B8028A3A9FB}.Release|Any CPU.Build.0 = Release|Any CPU
		{26FCA7B8-C03A-4594-84F4-7372C906E165}.Debug|Any CPU.ActiveCfg = Debug|Any CPU
		{26FCA7B8-C03A-4594-84F4-7372C906E165}.Debug|Any CPU.Build.0 = Debug|Any CPU
		{26FCA7B8-C03A-4594-84F4-7372C906E165}.Release|Any CPU.ActiveCfg = Release|Any CPU
		{26FCA7B8-C03A-4594-84F4-7372C906E165}.Release|Any CPU.Build.0 = Release|Any CPU
		{FD7454D0-E133-4D67-B980-725ED69B579A}.Debug|Any CPU.ActiveCfg = Debug|Any CPU
		{FD7454D0-E133-4D67-B980-725ED69B579A}.Debug|Any CPU.Build.0 = Debug|Any CPU
		{FD7454D0-E133-4D67-B980-725ED69B579A}.Release|Any CPU.ActiveCfg = Release|Any CPU
		{FD7454D0-E133-4D67-B980-725ED69B579A}.Release|Any CPU.Build.0 = Release|Any CPU
		{217B8D61-BF8C-4B8B-B4B5-991544F1F48D}.Debug|Any CPU.ActiveCfg = Debug|Any CPU
		{217B8D61-BF8C-4B8B-B4B5-991544F1F48D}.Debug|Any CPU.Build.0 = Debug|Any CPU
		{217B8D61-BF8C-4B8B-B4B5-991544F1F48D}.Release|Any CPU.ActiveCfg = Release|Any CPU
		{217B8D61-BF8C-4B8B-B4B5-991544F1F48D}.Release|Any CPU.Build.0 = Release|Any CPU
	EndGlobalSection
	GlobalSection(SolutionProperties) = preSolution
		HideSolutionNode = FALSE
	EndGlobalSection
	GlobalSection(ExtensibilityGlobals) = postSolution
		SolutionGuid = {8347185B-5016-4095-81C8-53AD15256152}
	EndGlobalSection
EndGlobal
